
Microsoft Visual Studio Solution File, Format Version 12.00
# Visual Studio Version 17
VisualStudioVersion = 17.5.002.0
MinimumVisualStudioVersion = 10.0.40219.1
Project("{2150E333-8FDC-42A3-9474-1A3956D46DE8}") = "csharp-prep", "csharp-prep", "{A427FB7E-D966-461B-9DA8-3A4DDBC63D09}"
EndProject
Project("{9A19103F-16F7-4668-BE54-9A1E7A4F7556}") = "Prep1", "csharp-prep\Prep1\Prep1.csproj", "{51753812-64F6-4565-9276-BD2FB2C7DC8C}"
EndProject
Project("{9A19103F-16F7-4668-BE54-9A1E7A4F7556}") = "Prep2", "csharp-prep\Prep2\Prep2.csproj", "{691FB6E2-A98F-45CD-B995-D42C883D33F6}"
EndProject
Project("{9A19103F-16F7-4668-BE54-9A1E7A4F7556}") = "Prep3", "csharp-prep\Prep3\Prep3.csproj", "{8086A551-F63F-439E-BAAC-4CC11EEBF176}"
EndProject
Project("{9A19103F-16F7-4668-BE54-9A1E7A4F7556}") = "Prep4", "csharp-prep\Prep4\Prep4.csproj", "{FEFD2B74-1FDD-46D2-82C0-6E81D5A76521}"
EndProject
Project("{9A19103F-16F7-4668-BE54-9A1E7A4F7556}") = "Prep5", "csharp-prep\Prep5\Prep5.csproj", "{A1D05654-3C0D-4F59-B0A7-B61DF20B7906}"
EndProject
Project("{2150E333-8FDC-42A3-9474-1A3956D46DE8}") = "final", "final", "{AC036311-E9E5-49D6-8A91-35377B8665DF}"
EndProject
Project("{9A19103F-16F7-4668-BE54-9A1E7A4F7556}") = "FinalProject", "final\FinalProject\FinalProject.csproj", "{B2B2EC4F-19D5-4A5A-A506-581A475C6DA8}"
EndProject
Project("{9A19103F-16F7-4668-BE54-9A1E7A4F7556}") = "Foundation1", "final\Foundation1\Foundation1.csproj", "{71E754D1-0FB2-454F-AA37-4841694358EE}"
EndProject
Project("{9A19103F-16F7-4668-BE54-9A1E7A4F7556}") = "Foundation2", "final\Foundation2\Foundation2.csproj", "{62FB5C08-0641-4D73-87D9-4C7C560AEAB7}"
EndProject
Project("{9A19103F-16F7-4668-BE54-9A1E7A4F7556}") = "Foundation3", "final\Foundation3\Foundation3.csproj", "{9714F650-3371-46C6-82E0-CC35804087E6}"
EndProject
Project("{9A19103F-16F7-4668-BE54-9A1E7A4F7556}") = "Foundation4", "final\Foundation4\Foundation4.csproj", "{02C482F0-80E5-4B96-A5D5-0F769D5461AC}"
EndProject
Project("{2150E333-8FDC-42A3-9474-1A3956D46DE8}") = "prepare", "prepare", "{B03C6BF7-CFCE-4594-8295-097B36D167D8}"
EndProject
Project("{9A19103F-16F7-4668-BE54-9A1E7A4F7556}") = "Learning02", "prepare\Learning02\Learning02.csproj", "{76D0264A-E510-4E2D-8164-03B47D880C36}"
EndProject
Project("{9A19103F-16F7-4668-BE54-9A1E7A4F7556}") = "Learning03", "prepare\Learning03\Learning03.csproj", "{1A02D619-DBAD-49E4-B7AF-6ACD31E0C587}"
EndProject
Project("{9A19103F-16F7-4668-BE54-9A1E7A4F7556}") = "Learning04", "prepare\Learning04\Learning04.csproj", "{06E492BF-A8DB-4D26-92C6-797E73588191}"
EndProject
Project("{9A19103F-16F7-4668-BE54-9A1E7A4F7556}") = "Learning05", "prepare\Learning05\Learning05.csproj", "{4B1D3746-6985-415F-B3BC-2586DDC80B4F}"
EndProject
Project("{2150E333-8FDC-42A3-9474-1A3956D46DE8}") = "prove", "prove", "{EA988388-0B4D-4ACE-9133-8164E97B7E3C}"
EndProject
Project("{9A19103F-16F7-4668-BE54-9A1E7A4F7556}") = "Develop02", "prove\Develop02\Develop02.csproj", "{2C7C49F6-9EC0-46E5-BD32-712DEC8B8E3E}"
EndProject
Project("{9A19103F-16F7-4668-BE54-9A1E7A4F7556}") = "Develop03", "prove\Develop03\Develop03.csproj", "{A3F40710-B95F-4ADA-BD54-AE18FCF0DE70}"
EndProject
Project("{9A19103F-16F7-4668-BE54-9A1E7A4F7556}") = "Develop04", "prove\Develop04\Develop04.csproj", "{39330503-007F-48C3-B375-10602D6A195D}"
EndProject
Project("{9A19103F-16F7-4668-BE54-9A1E7A4F7556}") = "Develop05", "prove\Develop05\Develop05.csproj", "{A2A97038-A278-4C43-A30B-88E0978F8B20}"
EndProject
Project("{2150E333-8FDC-42A3-9474-1A3956D46DE8}") = "sandbox", "sandbox", "{CB9DA0F1-88AE-418C-99A8-99C148E02525}"
EndProject
Project("{9A19103F-16F7-4668-BE54-9A1E7A4F7556}") = "Sandbox", "sandbox\Sandbox\Sandbox.csproj", "{47DBF682-B9B8-46A6-8423-D3A1ADBEA1B1}"
EndProject
Global
	GlobalSection(SolutionConfigurationPlatforms) = preSolution
		Debug|Any CPU = Debug|Any CPU
		Release|Any CPU = Release|Any CPU
	EndGlobalSection
	GlobalSection(ProjectConfigurationPlatforms) = postSolution
		{51753812-64F6-4565-9276-BD2FB2C7DC8C}.Debug|Any CPU.ActiveCfg = Debug|Any CPU
		{51753812-64F6-4565-9276-BD2FB2C7DC8C}.Debug|Any CPU.Build.0 = Debug|Any CPU
		{51753812-64F6-4565-9276-BD2FB2C7DC8C}.Release|Any CPU.ActiveCfg = Release|Any CPU
		{51753812-64F6-4565-9276-BD2FB2C7DC8C}.Release|Any CPU.Build.0 = Release|Any CPU
		{691FB6E2-A98F-45CD-B995-D42C883D33F6}.Debug|Any CPU.ActiveCfg = Debug|Any CPU
		{691FB6E2-A98F-45CD-B995-D42C883D33F6}.Debug|Any CPU.Build.0 = Debug|Any CPU
		{691FB6E2-A98F-45CD-B995-D42C883D33F6}.Release|Any CPU.ActiveCfg = Release|Any CPU
		{691FB6E2-A98F-45CD-B995-D42C883D33F6}.Release|Any CPU.Build.0 = Release|Any CPU
		{8086A551-F63F-439E-BAAC-4CC11EEBF176}.Debug|Any CPU.ActiveCfg = Debug|Any CPU
		{8086A551-F63F-439E-BAAC-4CC11EEBF176}.Debug|Any CPU.Build.0 = Debug|Any CPU
		{8086A551-F63F-439E-BAAC-4CC11EEBF176}.Release|Any CPU.ActiveCfg = Release|Any CPU
		{8086A551-F63F-439E-BAAC-4CC11EEBF176}.Release|Any CPU.Build.0 = Release|Any CPU
		{FEFD2B74-1FDD-46D2-82C0-6E81D5A76521}.Debug|Any CPU.ActiveCfg = Debug|Any CPU
		{FEFD2B74-1FDD-46D2-82C0-6E81D5A76521}.Debug|Any CPU.Build.0 = Debug|Any CPU
		{FEFD2B74-1FDD-46D2-82C0-6E81D5A76521}.Release|Any CPU.ActiveCfg = Release|Any CPU
		{FEFD2B74-1FDD-46D2-82C0-6E81D5A76521}.Release|Any CPU.Build.0 = Release|Any CPU
		{A1D05654-3C0D-4F59-B0A7-B61DF20B7906}.Debug|Any CPU.ActiveCfg = Debug|Any CPU
		{A1D05654-3C0D-4F59-B0A7-B61DF20B7906}.Debug|Any CPU.Build.0 = Debug|Any CPU
		{A1D05654-3C0D-4F59-B0A7-B61DF20B7906}.Release|Any CPU.ActiveCfg = Release|Any CPU
		{A1D05654-3C0D-4F59-B0A7-B61DF20B7906}.Release|Any CPU.Build.0 = Release|Any CPU
		{B2B2EC4F-19D5-4A5A-A506-581A475C6DA8}.Debug|Any CPU.ActiveCfg = Debug|Any CPU
		{B2B2EC4F-19D5-4A5A-A506-581A475C6DA8}.Debug|Any CPU.Build.0 = Debug|Any CPU
		{B2B2EC4F-19D5-4A5A-A506-581A475C6DA8}.Release|Any CPU.ActiveCfg = Release|Any CPU
		{B2B2EC4F-19D5-4A5A-A506-581A475C6DA8}.Release|Any CPU.Build.0 = Release|Any CPU
		{71E754D1-0FB2-454F-AA37-4841694358EE}.Debug|Any CPU.ActiveCfg = Debug|Any CPU
		{71E754D1-0FB2-454F-AA37-4841694358EE}.Debug|Any CPU.Build.0 = Debug|Any CPU
		{71E754D1-0FB2-454F-AA37-4841694358EE}.Release|Any CPU.ActiveCfg = Release|Any CPU
		{71E754D1-0FB2-454F-AA37-4841694358EE}.Release|Any CPU.Build.0 = Release|Any CPU
		{62FB5C08-0641-4D73-87D9-4C7C560AEAB7}.Debug|Any CPU.ActiveCfg = Debug|Any CPU
		{62FB5C08-0641-4D73-87D9-4C7C560AEAB7}.Debug|Any CPU.Build.0 = Debug|Any CPU
		{62FB5C08-0641-4D73-87D9-4C7C560AEAB7}.Release|Any CPU.ActiveCfg = Release|Any CPU
		{62FB5C08-0641-4D73-87D9-4C7C560AEAB7}.Release|Any CPU.Build.0 = Release|Any CPU
		{9714F650-3371-46C6-82E0-CC35804087E6}.Debug|Any CPU.ActiveCfg = Debug|Any CPU
		{9714F650-3371-46C6-82E0-CC35804087E6}.Debug|Any CPU.Build.0 = Debug|Any CPU
		{9714F650-3371-46C6-82E0-CC35804087E6}.Release|Any CPU.ActiveCfg = Release|Any CPU
		{9714F650-3371-46C6-82E0-CC35804087E6}.Release|Any CPU.Build.0 = Release|Any CPU
		{02C482F0-80E5-4B96-A5D5-0F769D5461AC}.Debug|Any CPU.ActiveCfg = Debug|Any CPU
		{02C482F0-80E5-4B96-A5D5-0F769D5461AC}.Debug|Any CPU.Build.0 = Debug|Any CPU
		{02C482F0-80E5-4B96-A5D5-0F769D5461AC}.Release|Any CPU.ActiveCfg = Release|Any CPU
		{02C482F0-80E5-4B96-A5D5-0F769D5461AC}.Release|Any CPU.Build.0 = Release|Any CPU
		{76D0264A-E510-4E2D-8164-03B47D880C36}.Debug|Any CPU.ActiveCfg = Debug|Any CPU
		{76D0264A-E510-4E2D-8164-03B47D880C36}.Debug|Any CPU.Build.0 = Debug|Any CPU
		{76D0264A-E510-4E2D-8164-03B47D880C36}.Release|Any CPU.ActiveCfg = Release|Any CPU
		{76D0264A-E510-4E2D-8164-03B47D880C36}.Release|Any CPU.Build.0 = Release|Any CPU
		{1A02D619-DBAD-49E4-B7AF-6ACD31E0C587}.Debug|Any CPU.ActiveCfg = Debug|Any CPU
		{1A02D619-DBAD-49E4-B7AF-6ACD31E0C587}.Debug|Any CPU.Build.0 = Debug|Any CPU
		{1A02D619-DBAD-49E4-B7AF-6ACD31E0C587}.Release|Any CPU.ActiveCfg = Release|Any CPU
		{1A02D619-DBAD-49E4-B7AF-6ACD31E0C587}.Release|Any CPU.Build.0 = Release|Any CPU
		{06E492BF-A8DB-4D26-92C6-797E73588191}.Debug|Any CPU.ActiveCfg = Debug|Any CPU
		{06E492BF-A8DB-4D26-92C6-797E73588191}.Debug|Any CPU.Build.0 = Debug|Any CPU
		{06E492BF-A8DB-4D26-92C6-797E73588191}.Release|Any CPU.ActiveCfg = Release|Any CPU
		{06E492BF-A8DB-4D26-92C6-797E73588191}.Release|Any CPU.Build.0 = Release|Any CPU
		{4B1D3746-6985-415F-B3BC-2586DDC80B4F}.Debug|Any CPU.ActiveCfg = Debug|Any CPU
		{4B1D3746-6985-415F-B3BC-2586DDC80B4F}.Debug|Any CPU.Build.0 = Debug|Any CPU
		{4B1D3746-6985-415F-B3BC-2586DDC80B4F}.Release|Any CPU.ActiveCfg = Release|Any CPU
		{4B1D3746-6985-415F-B3BC-2586DDC80B4F}.Release|Any CPU.Build.0 = Release|Any CPU
		{2C7C49F6-9EC0-46E5-BD32-712DEC8B8E3E}.Debug|Any CPU.ActiveCfg = Debug|Any CPU
		{2C7C49F6-9EC0-46E5-BD32-712DEC8B8E3E}.Debug|Any CPU.Build.0 = Debug|Any CPU
		{2C7C49F6-9EC0-46E5-BD32-712DEC8B8E3E}.Release|Any CPU.ActiveCfg = Release|Any CPU
		{2C7C49F6-9EC0-46E5-BD32-712DEC8B8E3E}.Release|Any CPU.Build.0 = Release|Any CPU
		{A3F40710-B95F-4ADA-BD54-AE18FCF0DE70}.Debug|Any CPU.ActiveCfg = Debug|Any CPU
		{A3F40710-B95F-4ADA-BD54-AE18FCF0DE70}.Debug|Any CPU.Build.0 = Debug|Any CPU
		{A3F40710-B95F-4ADA-BD54-AE18FCF0DE70}.Release|Any CPU.ActiveCfg = Release|Any CPU
		{A3F40710-B95F-4ADA-BD54-AE18FCF0DE70}.Release|Any CPU.Build.0 = Release|Any CPU
		{39330503-007F-48C3-B375-10602D6A195D}.Debug|Any CPU.ActiveCfg = Debug|Any CPU
		{39330503-007F-48C3-B375-10602D6A195D}.Debug|Any CPU.Build.0 = Debug|Any CPU
		{39330503-007F-48C3-B375-10602D6A195D}.Release|Any CPU.ActiveCfg = Release|Any CPU
		{39330503-007F-48C3-B375-10602D6A195D}.Release|Any CPU.Build.0 = Release|Any CPU
		{A2A97038-A278-4C43-A30B-88E0978F8B20}.Debug|Any CPU.ActiveCfg = Debug|Any CPU
		{A2A97038-A278-4C43-A30B-88E0978F8B20}.Debug|Any CPU.Build.0 = Debug|Any CPU
		{A2A97038-A278-4C43-A30B-88E0978F8B20}.Release|Any CPU.ActiveCfg = Release|Any CPU
		{A2A97038-A278-4C43-A30B-88E0978F8B20}.Release|Any CPU.Build.0 = Release|Any CPU
		{47DBF682-B9B8-46A6-8423-D3A1ADBEA1B1}.Debug|Any CPU.ActiveCfg = Debug|Any CPU
		{47DBF682-B9B8-46A6-8423-D3A1ADBEA1B1}.Debug|Any CPU.Build.0 = Debug|Any CPU
		{47DBF682-B9B8-46A6-8423-D3A1ADBEA1B1}.Release|Any CPU.ActiveCfg = Release|Any CPU
		{47DBF682-B9B8-46A6-8423-D3A1ADBEA1B1}.Release|Any CPU.Build.0 = Release|Any CPU
	EndGlobalSection
	GlobalSection(SolutionProperties) = preSolution
		HideSolutionNode = FALSE
	EndGlobalSection
	GlobalSection(NestedProjects) = preSolution
		{51753812-64F6-4565-9276-BD2FB2C7DC8C} = {A427FB7E-D966-461B-9DA8-3A4DDBC63D09}
		{691FB6E2-A98F-45CD-B995-D42C883D33F6} = {A427FB7E-D966-461B-9DA8-3A4DDBC63D09}
		{8086A551-F63F-439E-BAAC-4CC11EEBF176} = {A427FB7E-D966-461B-9DA8-3A4DDBC63D09}
		{FEFD2B74-1FDD-46D2-82C0-6E81D5A76521} = {A427FB7E-D966-461B-9DA8-3A4DDBC63D09}
		{A1D05654-3C0D-4F59-B0A7-B61DF20B7906} = {A427FB7E-D966-461B-9DA8-3A4DDBC63D09}
		{B2B2EC4F-19D5-4A5A-A506-581A475C6DA8} = {AC036311-E9E5-49D6-8A91-35377B8665DF}
		{71E754D1-0FB2-454F-AA37-4841694358EE} = {AC036311-E9E5-49D6-8A91-35377B8665DF}
		{62FB5C08-0641-4D73-87D9-4C7C560AEAB7} = {AC036311-E9E5-49D6-8A91-35377B8665DF}
		{9714F650-3371-46C6-82E0-CC35804087E6} = {AC036311-E9E5-49D6-8A91-35377B8665DF}
		{02C482F0-80E5-4B96-A5D5-0F769D5461AC} = {AC036311-E9E5-49D6-8A91-35377B8665DF}
		{76D0264A-E510-4E2D-8164-03B47D880C36} = {B03C6BF7-CFCE-4594-8295-097B36D167D8}
		{1A02D619-DBAD-49E4-B7AF-6ACD31E0C587} = {B03C6BF7-CFCE-4594-8295-097B36D167D8}
		{06E492BF-A8DB-4D26-92C6-797E73588191} = {B03C6BF7-CFCE-4594-8295-097B36D167D8}
		{4B1D3746-6985-415F-B3BC-2586DDC80B4F} = {B03C6BF7-CFCE-4594-8295-097B36D167D8}
		{2C7C49F6-9EC0-46E5-BD32-712DEC8B8E3E} = {EA988388-0B4D-4ACE-9133-8164E97B7E3C}
		{A3F40710-B95F-4ADA-BD54-AE18FCF0DE70} = {EA988388-0B4D-4ACE-9133-8164E97B7E3C}
		{39330503-007F-48C3-B375-10602D6A195D} = {EA988388-0B4D-4ACE-9133-8164E97B7E3C}
		{A2A97038-A278-4C43-A30B-88E0978F8B20} = {EA988388-0B4D-4ACE-9133-8164E97B7E3C}
		{47DBF682-B9B8-46A6-8423-D3A1ADBEA1B1} = {CB9DA0F1-88AE-418C-99A8-99C148E02525}
	EndGlobalSection
	GlobalSection(ExtensibilityGlobals) = postSolution
		SolutionGuid = {2FBD6CBB-E71F-4E1C-ADD0-310D713DEF86}
	EndGlobalSection
EndGlobal
